Microsoft Visual Studio Solution File, Format Version 11.00
# Visual Studio 2008

Project("{540A796E-6AF7-6991-8FA8-2CFB7033301C}") = "Battle-Tank", "Assembly-CSharp-firstpass.csproj", "{51AE8D64-624B-D2BA-DBA8-A31285363E6E}"
EndProject
Project("{540A796E-6AF7-6991-8FA8-2CFB7033301C}") = "Battle-Tank", "Assembly-CSharp.csproj", "{01DD4447-5B41-6A1D-9275-4E93917CE197}"
EndProject
Project("{540A796E-6AF7-6991-8FA8-2CFB7033301C}") = "Battle-Tank", "Assembly-CSharp-Editor.csproj", "{E1AB8CD3-B4F9-F542-EFA3-4B03D5033BD4}"
EndProject
Global
	GlobalSection(SolutionConfigurationPlatforms) = preSolution
		Debug|Any CPU = Debug|Any CPU
		Release|Any CPU = Release|Any CPU
	EndGlobalSection
	GlobalSection(ProjectConfigurationPlatforms) = postSolution
		{51AE8D64-624B-D2BA-DBA8-A31285363E6E}.Debug|Any CPU.ActiveCfg = Debug|Any CPU
		{51AE8D64-624B-D2BA-DBA8-A31285363E6E}.Debug|Any CPU.Build.0 = Debug|Any CPU
		{51AE8D64-624B-D2BA-DBA8-A31285363E6E}.Release|Any CPU.ActiveCfg = Release|Any CPU
		{51AE8D64-624B-D2BA-DBA8-A31285363E6E}.Release|Any CPU.Build.0 = Release|Any CPU
		{01DD4447-5B41-6A1D-9275-4E93917CE197}.Debug|Any CPU.ActiveCfg = Debug|Any CPU
		{01DD4447-5B41-6A1D-9275-4E93917CE197}.Debug|Any CPU.Build.0 = Debug|Any CPU
		{01DD4447-5B41-6A1D-9275-4E93917CE197}.Release|Any CPU.ActiveCfg = Release|Any CPU
		{01DD4447-5B41-6A1D-9275-4E93917CE197}.Release|Any CPU.Build.0 = Release|Any CPU
		{E1AB8CD3-B4F9-F542-EFA3-4B03D5033BD4}.Debug|Any CPU.ActiveCfg = Debug|Any CPU
		{E1AB8CD3-B4F9-F542-EFA3-4B03D5033BD4}.Debug|Any CPU.Build.0 = Debug|Any CPU
		{E1AB8CD3-B4F9-F542-EFA3-4B03D5033BD4}.Release|Any CPU.ActiveCfg = Release|Any CPU
		{E1AB8CD3-B4F9-F542-EFA3-4B03D5033BD4}.Release|Any CPU.Build.0 = Release|Any CPU
	EndGlobalSection
	GlobalSection(SolutionProperties) = preSolution
		HideSolutionNode = FALSE
	EndGlobalSection
	GlobalSection(MonoDevelopProperties) = preSolution
		StartupItem = Assembly-CSharp.csproj
	EndGlobalSection
EndGlobal
