
Microsoft Visual Studio Solution File, Format Version 12.00
# Visual Studio 2015
Project("{FAE04EC0-301F-11D3-BF4B-00C04F79EFBC}") = "Battle-Tank.Plugins", "Battle-Tank.Plugins.csproj", "{EC8DD5DC-18D2-2471-D931-D11FAFCACB0B}"
EndProject
Project("{FAE04EC0-301F-11D3-BF4B-00C04F79EFBC}") = "Battle-Tank", "Battle-Tank.csproj", "{E0CCE462-46C2-283D-6750-C13058AC0A15}"
EndProject
Project("{FAE04EC0-301F-11D3-BF4B-00C04F79EFBC}") = "Battle-Tank.Editor", "Battle-Tank.Editor.csproj", "{07A78DC5-B83C-28D0-2877-4C8F64FEBF0B}"
EndProject
Global
	GlobalSection(SolutionConfigurationPlatforms) = preSolution
		Debug|Any CPU = Debug|Any CPU
		Release|Any CPU = Release|Any CPU
	EndGlobalSection
	GlobalSection(ProjectConfigurationPlatforms) = postSolution
		{EC8DD5DC-18D2-2471-D931-D11FAFCACB0B}.Debug|Any CPU.ActiveCfg = Debug|Any CPU
		{EC8DD5DC-18D2-2471-D931-D11FAFCACB0B}.Debug|Any CPU.Build.0 = Debug|Any CPU
		{EC8DD5DC-18D2-2471-D931-D11FAFCACB0B}.Release|Any CPU.ActiveCfg = Release|Any CPU
		{EC8DD5DC-18D2-2471-D931-D11FAFCACB0B}.Release|Any CPU.Build.0 = Release|Any CPU
		{E0CCE462-46C2-283D-6750-C13058AC0A15}.Debug|Any CPU.ActiveCfg = Debug|Any CPU
		{E0CCE462-46C2-283D-6750-C13058AC0A15}.Debug|Any CPU.Build.0 = Debug|Any CPU
		{E0CCE462-46C2-283D-6750-C13058AC0A15}.Release|Any CPU.ActiveCfg = Release|Any CPU
		{E0CCE462-46C2-283D-6750-C13058AC0A15}.Release|Any CPU.Build.0 = Release|Any CPU
		{07A78DC5-B83C-28D0-2877-4C8F64FEBF0B}.Debug|Any CPU.ActiveCfg = Debug|Any CPU
		{07A78DC5-B83C-28D0-2877-4C8F64FEBF0B}.Debug|Any CPU.Build.0 = Debug|Any CPU
		{07A78DC5-B83C-28D0-2877-4C8F64FEBF0B}.Release|Any CPU.ActiveCfg = Release|Any CPU
		{07A78DC5-B83C-28D0-2877-4C8F64FEBF0B}.Release|Any CPU.Build.0 = Release|Any CPU
	EndGlobalSection
	GlobalSection(SolutionProperties) = preSolution
		HideSolutionNode = FALSE
	EndGlobalSection
EndGlobal
